
Microsoft Visual Studio Solution File, Format Version 12.00
# Visual Studio 15
VisualStudioVersion = 15.0.26608.5
MinimumVisualStudioVersion = 10.0.40219.1
Project("{FAE04EC0-301F-11D3-BF4B-00C04F79EFBC}") = "HBD.Mef", "HBD.Mef\HBD.Mef.csproj", "{BAB77AC6-9F1F-46CE-AA99-17EAE5073250}"
EndProject
Project("{FAE04EC0-301F-11D3-BF4B-00C04F79EFBC}") = "HBD.MefTests", "HBD.MefTests1\HBD.MefTests.csproj", "{8BEF6BF2-5629-4053-9065-F641D45CD190}"
EndProject
Project("{2150E333-8FDC-42A3-9474-1A3956D46DE8}") = "Solution Items", "Solution Items", "{DDB7815F-6612-455E-82B2-E810F97B0D75}"
	ProjectSection(SolutionItems) = preProject
		HBD.Mef.nuspec = HBD.Mef.nuspec
		ReadMe.html = ReadMe.html
		ReadMe.md = ReadMe.md
	EndProjectSection
EndProject
Project("{FAE04EC0-301F-11D3-BF4B-00C04F79EFBC}") = "TestModule", "TestModule\TestModule.csproj", "{CB4463F5-9306-453A-9AF8-4BF8AB44B17A}"
EndProject
Project("{FAE04EC0-301F-11D3-BF4B-00C04F79EFBC}") = "DependencyLib", "DependencyLib\DependencyLib.csproj", "{13165413-BF3C-4FCF-903C-5502AEDE8770}"
EndProject
Project("{2150E333-8FDC-42A3-9474-1A3956D46DE8}") = "1. Shared", "1. Shared", "{52347FF4-49AC-4F56-A281-6FE972F203CB}"
EndProject
Project("{2150E333-8FDC-42A3-9474-1A3956D46DE8}") = "2. Compilations", "2. Compilations", "{F1271A17-00F6-480B-A5C2-EEFEB8C0B7F4}"
EndProject
Project("{2150E333-8FDC-42A3-9474-1A3956D46DE8}") = "3. Tests", "3. Tests", "{D4E71AFB-D8DA-45E3-AA0A-89D337D643CC}"
EndProject
Project("{D954291E-2A0B-460D-934E-DC6B0785DB48}") = "HBD.Mef.GlobalShare", "HBD.Mef.GlobalShare\HBD.Mef.GlobalShare.shproj", "{A721DE9C-7559-49D8-9169-A35F3337299F}"
EndProject
Project("{D954291E-2A0B-460D-934E-DC6B0785DB48}") = "HBD.Mef.4xShare", "HBD.Mef.4xShare\HBD.Mef.4xShare.shproj", "{A36ADBA2-5B04-4F85-8D71-23139AB39F1E}"
EndProject
Project("{FAE04EC0-301F-11D3-BF4B-00C04F79EFBC}") = "HBD.Mef.4.5", "HBD.Mef.4.5\HBD.Mef.4.5.csproj", "{5D0806C0-92BB-4F42-8F77-B7A50D9CF5B2}"
EndProject
Project("{FAE04EC0-301F-11D3-BF4B-00C04F79EFBC}") = "HBD.Mef.4.7", "HBD.Mef.4.7\HBD.Mef.4.7.csproj", "{3ED5FB52-6F83-45CF-9679-1DC6E588A209}"
EndProject
Project("{9A19103F-16F7-4668-BE54-9A1E7A4F7556}") = "HBD.Mef.St1.6", "HBD.Mef.St1.6\HBD.Mef.St1.6.csproj", "{E5C79CE4-EDE3-436B-8127-40DC006010F2}"
EndProject
Project("{9A19103F-16F7-4668-BE54-9A1E7A4F7556}") = "HBD.Mef.St2.0", "HBD.Mef.St2.0\HBD.Mef.St2.0.csproj", "{E22D131B-768E-4377-B592-7EDF91FECFE2}"
EndProject
Project("{9A19103F-16F7-4668-BE54-9A1E7A4F7556}") = "HBD.Mef.St2.0Tests", "HBD.Mef.St2.0Tests\HBD.Mef.St2.0Tests.csproj", "{8CCFB8A9-C9AC-46FE-BB99-B6C15A8B8A7E}"
EndProject
Project("{D954291E-2A0B-460D-934E-DC6B0785DB48}") = "HBD.Mef.StShare", "HBD.Mef.StShare\HBD.Mef.StShare.shproj", "{50D56FD2-6AA1-4CAE-9903-5A6A14E9236E}"
EndProject
Global
	GlobalSection(SharedMSBuildProjectFiles) = preSolution
		HBD.Mef.4xShare\HBD.Mef.4xShare.projitems*{3ed5fb52-6f83-45cf-9679-1dc6e588a209}*SharedItemsImports = 4
		HBD.Mef.GlobalShare\HBD.Mef.GlobalShare.projitems*{3ed5fb52-6f83-45cf-9679-1dc6e588a209}*SharedItemsImports = 4
		HBD.Mef.StShare\HBD.Mef.StShare.projitems*{50d56fd2-6aa1-4cae-9903-5a6a14e9236e}*SharedItemsImports = 13
		HBD.Mef.4xShare\HBD.Mef.4xShare.projitems*{5d0806c0-92bb-4f42-8f77-b7a50d9cf5b2}*SharedItemsImports = 4
		HBD.Mef.GlobalShare\HBD.Mef.GlobalShare.projitems*{5d0806c0-92bb-4f42-8f77-b7a50d9cf5b2}*SharedItemsImports = 4
		HBD.Mef.4xShare\HBD.Mef.4xShare.projitems*{a36adba2-5b04-4f85-8d71-23139ab39f1e}*SharedItemsImports = 13
		HBD.Mef.GlobalShare\HBD.Mef.GlobalShare.projitems*{a721de9c-7559-49d8-9169-a35f3337299f}*SharedItemsImports = 13
		HBD.Mef.4xShare\HBD.Mef.4xShare.projitems*{bab77ac6-9f1f-46ce-aa99-17eae5073250}*SharedItemsImports = 4
		HBD.Mef.GlobalShare\HBD.Mef.GlobalShare.projitems*{bab77ac6-9f1f-46ce-aa99-17eae5073250}*SharedItemsImports = 4
	EndGlobalSection
	GlobalSection(SolutionConfigurationPlatforms) = preSolution
		Debug|Any CPU = Debug|Any CPU
		Release|Any CPU = Release|Any CPU
	EndGlobalSection
	GlobalSection(ProjectConfigurationPlatforms) = postSolution
		{BAB77AC6-9F1F-46CE-AA99-17EAE5073250}.Debug|Any CPU.ActiveCfg = Debug|Any CPU
		{BAB77AC6-9F1F-46CE-AA99-17EAE5073250}.Debug|Any CPU.Build.0 = Debug|Any CPU
		{BAB77AC6-9F1F-46CE-AA99-17EAE5073250}.Release|Any CPU.ActiveCfg = Release|Any CPU
		{BAB77AC6-9F1F-46CE-AA99-17EAE5073250}.Release|Any CPU.Build.0 = Release|Any CPU
		{8BEF6BF2-5629-4053-9065-F641D45CD190}.Debug|Any CPU.ActiveCfg = Debug|Any CPU
		{8BEF6BF2-5629-4053-9065-F641D45CD190}.Debug|Any CPU.Build.0 = Debug|Any CPU
		{8BEF6BF2-5629-4053-9065-F641D45CD190}.Release|Any CPU.ActiveCfg = Release|Any CPU
		{8BEF6BF2-5629-4053-9065-F641D45CD190}.Release|Any CPU.Build.0 = Release|Any CPU
		{CB4463F5-9306-453A-9AF8-4BF8AB44B17A}.Debug|Any CPU.ActiveCfg = Debug|Any CPU
		{CB4463F5-9306-453A-9AF8-4BF8AB44B17A}.Debug|Any CPU.Build.0 = Debug|Any CPU
		{CB4463F5-9306-453A-9AF8-4BF8AB44B17A}.Release|Any CPU.ActiveCfg = Release|Any CPU
		{CB4463F5-9306-453A-9AF8-4BF8AB44B17A}.Release|Any CPU.Build.0 = Release|Any CPU
		{13165413-BF3C-4FCF-903C-5502AEDE8770}.Debug|Any CPU.ActiveCfg = Debug|Any CPU
		{13165413-BF3C-4FCF-903C-5502AEDE8770}.Debug|Any CPU.Build.0 = Debug|Any CPU
		{13165413-BF3C-4FCF-903C-5502AEDE8770}.Release|Any CPU.ActiveCfg = Release|Any CPU
		{13165413-BF3C-4FCF-903C-5502AEDE8770}.Release|Any CPU.Build.0 = Release|Any CPU
		{5D0806C0-92BB-4F42-8F77-B7A50D9CF5B2}.Debug|Any CPU.ActiveCfg = Debug|Any CPU
		{5D0806C0-92BB-4F42-8F77-B7A50D9CF5B2}.Debug|Any CPU.Build.0 = Debug|Any CPU
		{5D0806C0-92BB-4F42-8F77-B7A50D9CF5B2}.Release|Any CPU.ActiveCfg = Release|Any CPU
		{5D0806C0-92BB-4F42-8F77-B7A50D9CF5B2}.Release|Any CPU.Build.0 = Release|Any CPU
		{3ED5FB52-6F83-45CF-9679-1DC6E588A209}.Debug|Any CPU.ActiveCfg = Debug|Any CPU
		{3ED5FB52-6F83-45CF-9679-1DC6E588A209}.Debug|Any CPU.Build.0 = Debug|Any CPU
		{3ED5FB52-6F83-45CF-9679-1DC6E588A209}.Release|Any CPU.ActiveCfg = Release|Any CPU
		{3ED5FB52-6F83-45CF-9679-1DC6E588A209}.Release|Any CPU.Build.0 = Release|Any CPU
		{E5C79CE4-EDE3-436B-8127-40DC006010F2}.Debug|Any CPU.ActiveCfg = Debug|Any CPU
		{E5C79CE4-EDE3-436B-8127-40DC006010F2}.Debug|Any CPU.Build.0 = Debug|Any CPU
		{E5C79CE4-EDE3-436B-8127-40DC006010F2}.Release|Any CPU.ActiveCfg = Release|Any CPU
		{E5C79CE4-EDE3-436B-8127-40DC006010F2}.Release|Any CPU.Build.0 = Release|Any CPU
		{E22D131B-768E-4377-B592-7EDF91FECFE2}.Debug|Any CPU.ActiveCfg = Debug|Any CPU
		{E22D131B-768E-4377-B592-7EDF91FECFE2}.Debug|Any CPU.Build.0 = Debug|Any CPU
		{E22D131B-768E-4377-B592-7EDF91FECFE2}.Release|Any CPU.ActiveCfg = Release|Any CPU
		{E22D131B-768E-4377-B592-7EDF91FECFE2}.Release|Any CPU.Build.0 = Release|Any CPU
		{8CCFB8A9-C9AC-46FE-BB99-B6C15A8B8A7E}.Debug|Any CPU.ActiveCfg = Debug|Any CPU
		{8CCFB8A9-C9AC-46FE-BB99-B6C15A8B8A7E}.Debug|Any CPU.Build.0 = Debug|Any CPU
		{8CCFB8A9-C9AC-46FE-BB99-B6C15A8B8A7E}.Release|Any CPU.ActiveCfg = Release|Any CPU
		{8CCFB8A9-C9AC-46FE-BB99-B6C15A8B8A7E}.Release|Any CPU.Build.0 = Release|Any CPU
	EndGlobalSection
	GlobalSection(SolutionProperties) = preSolution
		HideSolutionNode = FALSE
	EndGlobalSection
	GlobalSection(NestedProjects) = preSolution
		{BAB77AC6-9F1F-46CE-AA99-17EAE5073250} = {F1271A17-00F6-480B-A5C2-EEFEB8C0B7F4}
		{8BEF6BF2-5629-4053-9065-F641D45CD190} = {D4E71AFB-D8DA-45E3-AA0A-89D337D643CC}
		{CB4463F5-9306-453A-9AF8-4BF8AB44B17A} = {D4E71AFB-D8DA-45E3-AA0A-89D337D643CC}
		{13165413-BF3C-4FCF-903C-5502AEDE8770} = {D4E71AFB-D8DA-45E3-AA0A-89D337D643CC}
		{A721DE9C-7559-49D8-9169-A35F3337299F} = {52347FF4-49AC-4F56-A281-6FE972F203CB}
		{A36ADBA2-5B04-4F85-8D71-23139AB39F1E} = {52347FF4-49AC-4F56-A281-6FE972F203CB}
		{5D0806C0-92BB-4F42-8F77-B7A50D9CF5B2} = {F1271A17-00F6-480B-A5C2-EEFEB8C0B7F4}
		{3ED5FB52-6F83-45CF-9679-1DC6E588A209} = {F1271A17-00F6-480B-A5C2-EEFEB8C0B7F4}
		{E5C79CE4-EDE3-436B-8127-40DC006010F2} = {F1271A17-00F6-480B-A5C2-EEFEB8C0B7F4}
		{E22D131B-768E-4377-B592-7EDF91FECFE2} = {F1271A17-00F6-480B-A5C2-EEFEB8C0B7F4}
		{8CCFB8A9-C9AC-46FE-BB99-B6C15A8B8A7E} = {D4E71AFB-D8DA-45E3-AA0A-89D337D643CC}
		{50D56FD2-6AA1-4CAE-9903-5A6A14E9236E} = {52347FF4-49AC-4F56-A281-6FE972F203CB}
	EndGlobalSection
EndGlobal
