
Microsoft Visual Studio Solution File, Format Version 12.00
# Visual Studio 15
VisualStudioVersion = 15.0.26823.1
MinimumVisualStudioVersion = 10.0.40219.1
Project("{FAE04EC0-301F-11D3-BF4B-00C04F79EFBC}") = "HBD.Mef.Mvc", "HBD.Mef.Mvc\HBD.Mef.Mvc.csproj", "{CCBA07D8-2492-4A87-9C98-824C5FFD3D10}"
EndProject
Project("{FAE04EC0-301F-11D3-BF4B-00C04F79EFBC}") = "HBD.Mef.MvcTests", "HBD.Mef.MvcTests\HBD.Mef.MvcTests.csproj", "{E3C6F94A-F2BA-454A-826F-F45586FEEEC5}"
EndProject
Project("{2150E333-8FDC-42A3-9474-1A3956D46DE8}") = "Solution Items", "Solution Items", "{C1C27995-FB75-4B4B-AF82-370545B424CB}"
	ProjectSection(SolutionItems) = preProject
		HBD.Mef.Mvc.Bootstrapper.nuspec = HBD.Mef.Mvc.Bootstrapper.nuspec
		HBD.Mef.Mvc.ModuleRegister.nuspec = HBD.Mef.Mvc.ModuleRegister.nuspec
		HBD.Mef.Mvc.nuspec = HBD.Mef.Mvc.nuspec
		ReadMe.md = ReadMe.md
	EndProjectSection
EndProject
Project("{2150E333-8FDC-42A3-9474-1A3956D46DE8}") = "Mef", "Mef", "{DF84D78E-28E8-4FF3-B065-6FFF26CC9103}"
EndProject
Project("{2150E333-8FDC-42A3-9474-1A3956D46DE8}") = "Templates", "Templates", "{DC7874A6-29DB-4E89-8E66-ED80788E908D}"
	ProjectSection(SolutionItems) = preProject
		Templates\content\ModuleRegister.cs.pp = Templates\content\ModuleRegister.cs.pp
	EndProjectSection
EndProject
Project("{2150E333-8FDC-42A3-9474-1A3956D46DE8}") = "App_Start", "App_Start", "{F0477B9C-D1BF-49B8-BD67-6031FF52C0CB}"
	ProjectSection(SolutionItems) = preProject
		Templates\content\App_Start\Bootstrapper.cs.pp = Templates\content\App_Start\Bootstrapper.cs.pp
	EndProjectSection
EndProject
Global
	GlobalSection(SolutionConfigurationPlatforms) = preSolution
		Debug|Any CPU = Debug|Any CPU
		Release|Any CPU = Release|Any CPU
	EndGlobalSection
	GlobalSection(ProjectConfigurationPlatforms) = postSolution
		{CCBA07D8-2492-4A87-9C98-824C5FFD3D10}.Debug|Any CPU.ActiveCfg = Debug|Any CPU
		{CCBA07D8-2492-4A87-9C98-824C5FFD3D10}.Debug|Any CPU.Build.0 = Debug|Any CPU
		{CCBA07D8-2492-4A87-9C98-824C5FFD3D10}.Release|Any CPU.ActiveCfg = Release|Any CPU
		{CCBA07D8-2492-4A87-9C98-824C5FFD3D10}.Release|Any CPU.Build.0 = Release|Any CPU
		{E3C6F94A-F2BA-454A-826F-F45586FEEEC5}.Debug|Any CPU.ActiveCfg = Debug|Any CPU
		{E3C6F94A-F2BA-454A-826F-F45586FEEEC5}.Debug|Any CPU.Build.0 = Debug|Any CPU
		{E3C6F94A-F2BA-454A-826F-F45586FEEEC5}.Release|Any CPU.ActiveCfg = Release|Any CPU
		{E3C6F94A-F2BA-454A-826F-F45586FEEEC5}.Release|Any CPU.Build.0 = Release|Any CPU
	EndGlobalSection
	GlobalSection(SolutionProperties) = preSolution
		HideSolutionNode = FALSE
	EndGlobalSection
	GlobalSection(NestedProjects) = preSolution
		{CCBA07D8-2492-4A87-9C98-824C5FFD3D10} = {DF84D78E-28E8-4FF3-B065-6FFF26CC9103}
		{E3C6F94A-F2BA-454A-826F-F45586FEEEC5} = {DF84D78E-28E8-4FF3-B065-6FFF26CC9103}
		{F0477B9C-D1BF-49B8-BD67-6031FF52C0CB} = {DC7874A6-29DB-4E89-8E66-ED80788E908D}
	EndGlobalSection
	GlobalSection(ExtensibilityGlobals) = postSolution
		EnterpriseLibraryConfigurationToolBinariesPathV6 = packages\EnterpriseLibrary.TransientFaultHandling.6.0.1304.0\lib\portable-net45+win+wp8
		SolutionGuid = {8970F6E1-7839-43ED-9AB7-D54F47364533}
	EndGlobalSection
EndGlobal
